
Microsoft Visual Studio Solution File, Format Version 12.00
# Visual Studio Version 17
VisualStudioVersion = 17.13.35931.197
MinimumVisualStudioVersion = 10.0.40219.1
Project("{FAE04EC0-301F-11D3-BF4B-00C04F79EFBC}") = "MyBlog.Web", "MyBlog.Web\MyBlog.Web.csproj", "{5D1D291C-697D-4234-A9EB-507305AB99DB}"
EndProject
Project("{FAE04EC0-301F-11D3-BF4B-00C04F79EFBC}") = "MyBlog.Service", "MyBlog.Service\MyBlog.Service.csproj", "{30763DF6-5445-44C5-A2A9-012D334B2768}"
EndProject
Project("{FAE04EC0-301F-11D3-BF4B-00C04F79EFBC}") = "MyBlog.Infrastructure", "MyBlog.Infrastructure\MyBlog.Infrastructure.csproj", "{CBFD41AC-789F-423A-A5B2-348709981BB2}"
EndProject
Project("{FAE04EC0-301F-11D3-BF4B-00C04F79EFBC}") = "MyBlog.Service.Shared", "MyBlog.Service.Shared\MyBlog.Service.Shared.csproj", "{F8982183-C530-4CFB-9F90-D6B449C47451}"
EndProject
Project("{FAE04EC0-301F-11D3-BF4B-00C04F79EFBC}") = "MyBlog.Function.ClickStatistics", "MyBlog.Function.ClickStatistics\MyBlog.Function.ClickStatistics.csproj", "{F9F7C268-BC29-42F2-8320-DF3CAC340A91}"
EndProject
Project("{FAE04EC0-301F-11D3-BF4B-00C04F79EFBC}") = "MyBlog.Function.Dida365", "MyBlog.Function.Dida365\MyBlog.Function.Dida365.csproj", "{0DF27146-22E3-4212-B1AE-5FDD53620BCC}"
EndProject
Global
	GlobalSection(SolutionConfigurationPlatforms) = preSolution
		Debug|Any CPU = Debug|Any CPU
		Release|Any CPU = Release|Any CPU
	EndGlobalSection
	GlobalSection(ProjectConfigurationPlatforms) = postSolution
		{5D1D291C-697D-4234-A9EB-507305AB99DB}.Debug|Any CPU.ActiveCfg = Debug|Any CPU
		{5D1D291C-697D-4234-A9EB-507305AB99DB}.Debug|Any CPU.Build.0 = Debug|Any CPU
		{5D1D291C-697D-4234-A9EB-507305AB99DB}.Release|Any CPU.ActiveCfg = Release|Any CPU
		{5D1D291C-697D-4234-A9EB-507305AB99DB}.Release|Any CPU.Build.0 = Release|Any CPU
		{30763DF6-5445-44C5-A2A9-012D334B2768}.Debug|Any CPU.ActiveCfg = Debug|Any CPU
		{30763DF6-5445-44C5-A2A9-012D334B2768}.Debug|Any CPU.Build.0 = Debug|Any CPU
		{30763DF6-5445-44C5-A2A9-012D334B2768}.Release|Any CPU.ActiveCfg = Release|Any CPU
		{30763DF6-5445-44C5-A2A9-012D334B2768}.Release|Any CPU.Build.0 = Release|Any CPU
		{CBFD41AC-789F-423A-A5B2-348709981BB2}.Debug|Any CPU.ActiveCfg = Debug|Any CPU
		{CBFD41AC-789F-423A-A5B2-348709981BB2}.Debug|Any CPU.Build.0 = Debug|Any CPU
		{CBFD41AC-789F-423A-A5B2-348709981BB2}.Release|Any CPU.ActiveCfg = Release|Any CPU
		{CBFD41AC-789F-423A-A5B2-348709981BB2}.Release|Any CPU.Build.0 = Release|Any CPU
		{F8982183-C530-4CFB-9F90-D6B449C47451}.Debug|Any CPU.ActiveCfg = Debug|Any CPU
		{F8982183-C530-4CFB-9F90-D6B449C47451}.Debug|Any CPU.Build.0 = Debug|Any CPU
		{F8982183-C530-4CFB-9F90-D6B449C47451}.Release|Any CPU.ActiveCfg = Release|Any CPU
		{F8982183-C530-4CFB-9F90-D6B449C47451}.Release|Any CPU.Build.0 = Release|Any CPU
		{F9F7C268-BC29-42F2-8320-DF3CAC340A91}.Debug|Any CPU.ActiveCfg = Debug|Any CPU
		{F9F7C268-BC29-42F2-8320-DF3CAC340A91}.Debug|Any CPU.Build.0 = Debug|Any CPU
		{F9F7C268-BC29-42F2-8320-DF3CAC340A91}.Release|Any CPU.ActiveCfg = Release|Any CPU
		{F9F7C268-BC29-42F2-8320-DF3CAC340A91}.Release|Any CPU.Build.0 = Release|Any CPU
		{0DF27146-22E3-4212-B1AE-5FDD53620BCC}.Debug|Any CPU.ActiveCfg = Debug|Any CPU
		{0DF27146-22E3-4212-B1AE-5FDD53620BCC}.Debug|Any CPU.Build.0 = Debug|Any CPU
		{0DF27146-22E3-4212-B1AE-5FDD53620BCC}.Release|Any CPU.ActiveCfg = Release|Any CPU
		{0DF27146-22E3-4212-B1AE-5FDD53620BCC}.Release|Any CPU.Build.0 = Release|Any CPU
	EndGlobalSection
	GlobalSection(SolutionProperties) = preSolution
		HideSolutionNode = FALSE
	EndGlobalSection
	GlobalSection(ExtensibilityGlobals) = postSolution
		SolutionGuid = {BAD3F7FD-5FC0-419A-9970-D7903051EFBE}
	EndGlobalSection
EndGlobal
